// !$*UTF8*$!
{
	archiveVersion = 1;
	classes = {
	};
	objectVersion = 46;
	objects = {

/* Begin PBXBuildFile section */
		1855A2E217401ECE002EB2C7 /* UIKit.framework in Frameworks */ = {isa = PBXBuildFile; fileRef = 1855A2E117401ECE002EB2C7 /* UIKit.framework */; };
		1855A2E417401ECE002EB2C7 /* Foundation.framework in Frameworks */ = {isa = PBXBuildFile; fileRef = 1855A2E317401ECE002EB2C7 /* Foundation.framework */; };
		1855A2E617401ECE002EB2C7 /* CoreGraphics.framework in Frameworks */ = {isa = PBXBuildFile; fileRef = 1855A2E517401ECE002EB2C7 /* CoreGraphics.framework */; };
		1855A2EC17401ECE002EB2C7 /* InfoPlist.strings in Resources */ = {isa = PBXBuildFile; fileRef = 1855A2EA17401ECE002EB2C7 /* InfoPlist.strings */; };
		1855A2EE17401ECE002EB2C7 /* main.m in Sources */ = {isa = PBXBuildFile; fileRef = 1855A2ED17401ECE002EB2C7 /* main.m */; };
		1855A2F217401ECE002EB2C7 /* MPAppDelegate.m in Sources */ = {isa = PBXBuildFile; fileRef = 1855A2F117401ECE002EB2C7 /* MPAppDelegate.m */; };
		1855A2F417401ECE002EB2C7 /* Default.png in Resources */ = {isa = PBXBuildFile; fileRef = 1855A2F317401ECE002EB2C7 /* Default.png */; };
		1855A2F617401ECE002EB2C7 /* Default@2x.png in Resources */ = {isa = PBXBuildFile; fileRef = 1855A2F517401ECE002EB2C7 /* Default@2x.png */; };
		1855A2F817401ECE002EB2C7 /* Default-568h@2x.png in Resources */ = {isa = PBXBuildFile; fileRef = 1855A2F717401ECE002EB2C7 /* Default-568h@2x.png */; };
		1855A2FB17401ECE002EB2C7 /* MainStoryboard.storyboard in Resources */ = {isa = PBXBuildFile; fileRef = 1855A2F917401ECE002EB2C7 /* MainStoryboard.storyboard */; };
		1855A30E17403381002EB2C7 /* pause_button.png in Resources */ = {isa = PBXBuildFile; fileRef = 1855A30617403381002EB2C7 /* pause_button.png */; };
		1855A30F17403381002EB2C7 /* pause_button@2x.png in Resources */ = {isa = PBXBuildFile; fileRef = 1855A30717403381002EB2C7 /* pause_button@2x.png */; };
		1855A31017403381002EB2C7 /* play_button.png in Resources */ = {isa = PBXBuildFile; fileRef = 1855A30817403381002EB2C7 /* play_button.png */; };
		1855A31117403381002EB2C7 /* play_button@2x.png in Resources */ = {isa = PBXBuildFile; fileRef = 1855A30917403381002EB2C7 /* play_button@2x.png */; };
		186A8E8D17422FD300DFAB74 /* MVViewController.m in Sources */ = {isa = PBXBuildFile; fileRef = 186A8E8C17422FD300DFAB74 /* MVViewController.m */; };
		186A8E8F1742366B00DFAB74 /* AVFoundation.framework in Frameworks */ = {isa = PBXBuildFile; fileRef = 186A8E8E1742366B00DFAB74 /* AVFoundation.framework */; };
		71C2A9E317DB0FDD00D59B86 /* RemoteViewController.m in Sources */ = {isa = PBXBuildFile; fileRef = 71C2A9E217DB0FDD00D59B86 /* RemoteViewController.m */; };
		71C2A9E817DB18EA00D59B86 /* music1.mp3 in Resources */ = {isa = PBXBuildFile; fileRef = 71C2A9E517DB18EA00D59B86 /* music1.mp3 */; };
		71C2A9E917DB18EA00D59B86 /* music2.mp3 in Resources */ = {isa = PBXBuildFile; fileRef = 71C2A9E617DB18EA00D59B86 /* music2.mp3 */; };
		71C2A9EA17DB18EA00D59B86 /* music3.mp3 in Resources */ = {isa = PBXBuildFile; fileRef = 71C2A9E717DB18EA00D59B86 /* music3.mp3 */; };
		71C2A9EC17DB1B1600D59B86 /* CoreData.framework in Frameworks */ = {isa = PBXBuildFile; fileRef = 71C2A9EB17DB1B1600D59B86 /* CoreData.framework */; };
		71C2A9EF17DB1BB800D59B86 /* Model.xcdatamodeld in Sources */ = {isa = PBXBuildFile; fileRef = 71C2A9ED17DB1BB800D59B86 /* Model.xcdatamodeld */; };
		71C2A9F217DB1E1000D59B86 /* AddURLViewController.m in Sources */ = {isa = PBXBuildFile; fileRef = 71C2A9F117DB1E1000D59B86 /* AddURLViewController.m */; };
		740F3B881774B17B0048A83C /* music0.mp3 in Resources */ = {isa = PBXBuildFile; fileRef = 740F3B871774B17B0048A83C /* music0.mp3 */; };
		747EC08F1778348D00E10214 /* CoreMedia.framework in Frameworks */ = {isa = PBXBuildFile; fileRef = 747EC08E1778348D00E10214 /* CoreMedia.framework */; };
/* End PBXBuildFile section */

/* Begin PBXFileReference section */
		1855A2DE17401ECE002EB2C7 /* MusicPlayer.app */ = {isa = PBXFileReference; explicitFileType = wrapper.application; includeInIndex = 0; path = MusicPlayer.app; sourceTree = BUILT_PRODUCTS_DIR; };
		1855A2E117401ECE002EB2C7 /* UIKit.framework */ = {isa = PBXFileReference; lastKnownFileType = wrapper.framework; name = UIKit.framework; path = System/Library/Frameworks/UIKit.framework; sourceTree = SDKROOT; };
		1855A2E317401ECE002EB2C7 /* Foundation.framework */ = {isa = PBXFileReference; lastKnownFileType = wrapper.framework; name = Foundation.framework; path = System/Library/Frameworks/Foundation.framework; sourceTree = SDKROOT; };
		1855A2E517401ECE002EB2C7 /* CoreGraphics.framework */ = {isa = PBXFileReference; lastKnownFileType = wrapper.framework; name = CoreGraphics.framework; path = System/Library/Frameworks/CoreGraphics.framework; sourceTree = SDKROOT; };
		1855A2E917401ECE002EB2C7 /* MusicPlayer-Info.plist */ = {isa = PBXFileReference; lastKnownFileType = text.plist.xml; path = "MusicPlayer-Info.plist"; sourceTree = "<group>"; };
		1855A2EB17401ECE002EB2C7 /* en */ = {isa = PBXFileReference; lastKnownFileType = text.plist.strings; name = en; path = en.lproj/InfoPlist.strings; sourceTree = "<group>"; };
		1855A2ED17401ECE002EB2C7 /* main.m */ = {isa = PBXFileReference; lastKnownFileType = sourcecode.c.objc; path = main.m; sourceTree = "<group>"; };
		1855A2EF17401ECE002EB2C7 /* MusicPlayer-Prefix.pch */ = {isa = PBXFileReference; lastKnownFileType = sourcecode.c.h; path = "MusicPlayer-Prefix.pch"; sourceTree = "<group>"; };
		1855A2F017401ECE002EB2C7 /* MPAppDelegate.h */ = {isa = PBXFileReference; lastKnownFileType = sourcecode.c.h; path = MPAppDelegate.h; sourceTree = "<group>"; };
		1855A2F117401ECE002EB2C7 /* MPAppDelegate.m */ = {isa = PBXFileReference; lastKnownFileType = sourcecode.c.objc; path = MPAppDelegate.m; sourceTree = "<group>"; };
		1855A2F317401ECE002EB2C7 /* Default.png */ = {isa = PBXFileReference; lastKnownFileType = image.png; path = Default.png; sourceTree = "<group>"; };
		1855A2F517401ECE002EB2C7 /* Default@2x.png */ = {isa = PBXFileReference; lastKnownFileType = image.png; path = "Default@2x.png"; sourceTree = "<group>"; };
		1855A2F717401ECE002EB2C7 /* Default-568h@2x.png */ = {isa = PBXFileReference; lastKnownFileType = image.png; path = "Default-568h@2x.png"; sourceTree = "<group>"; };
		1855A2FA17401ECE002EB2C7 /* en */ = {isa = PBXFileReference; lastKnownFileType = file.storyboard; name = en; path = en.lproj/MainStoryboard.storyboard; sourceTree = "<group>"; };
		1855A30617403381002EB2C7 /* pause_button.png */ = {isa = PBXFileReference; lastKnownFileType = image.png; path = pause_button.png; sourceTree = "<group>"; };
		1855A30717403381002EB2C7 /* pause_button@2x.png */ = {isa = PBXFileReference; lastKnownFileType = image.png; path = "pause_button@2x.png"; sourceTree = "<group>"; };
		1855A30817403381002EB2C7 /* play_button.png */ = {isa = PBXFileReference; lastKnownFileType = image.png; path = play_button.png; sourceTree = "<group>"; };
		1855A30917403381002EB2C7 /* play_button@2x.png */ = {isa = PBXFileReference; lastKnownFileType = image.png; path = "play_button@2x.png"; sourceTree = "<group>"; };
		186A8E8B17422FD300DFAB74 /* MVViewController.h */ = {isa = PBXFileReference; fileEncoding = 4; lastKnownFileType = sourcecode.c.h; path = MVViewController.h; sourceTree = "<group>"; };
		186A8E8C17422FD300DFAB74 /* MVViewController.m */ = {isa = PBXFileReference; fileEncoding = 4; lastKnownFileType = sourcecode.c.objc; path = MVViewController.m; sourceTree = "<group>"; };
		186A8E8E1742366B00DFAB74 /* AVFoundation.framework */ = {isa = PBXFileReference; lastKnownFileType = wrapper.framework; name = AVFoundation.framework; path = System/Library/Frameworks/AVFoundation.framework; sourceTree = SDKROOT; };
		71C2A9E117DB0FDD00D59B86 /* RemoteViewController.h */ = {isa = PBXFileReference; fileEncoding = 4; lastKnownFileType = sourcecode.c.h; path = RemoteViewController.h; sourceTree = "<group>"; };
		71C2A9E217DB0FDD00D59B86 /* RemoteViewController.m */ = {isa = PBXFileReference; fileEncoding = 4; lastKnownFileType = sourcecode.c.objc; path = RemoteViewController.m; sourceTree = "<group>"; };
		71C2A9E517DB18EA00D59B86 /* music1.mp3 */ = {isa = PBXFileReference; lastKnownFileType = audio.mp3; path = music1.mp3; sourceTree = "<group>"; };
		71C2A9E617DB18EA00D59B86 /* music2.mp3 */ = {isa = PBXFileReference; lastKnownFileType = audio.mp3; path = music2.mp3; sourceTree = "<group>"; };
		71C2A9E717DB18EA00D59B86 /* music3.mp3 */ = {isa = PBXFileReference; lastKnownFileType = audio.mp3; path = music3.mp3; sourceTree = "<group>"; };
		71C2A9EB17DB1B1600D59B86 /* CoreData.framework */ = {isa = PBXFileReference; lastKnownFileType = wrapper.framework; name = CoreData.framework; path = System/Library/Frameworks/CoreData.framework; sourceTree = SDKROOT; };
		71C2A9EE17DB1BB800D59B86 /* Model.xcdatamodel */ = {isa = PBXFileReference; lastKnownFileType = wrapper.xcdatamodel; path = Model.xcdatamodel; sourceTree = "<group>"; };
		71C2A9F017DB1E1000D59B86 /* AddURLViewController.h */ = {isa = PBXFileReference; fileEncoding = 4; lastKnownFileType = sourcecode.c.h; path = AddURLViewController.h; sourceTree = "<group>"; };
		71C2A9F117DB1E1000D59B86 /* AddURLViewController.m */ = {isa = PBXFileReference; fileEncoding = 4; lastKnownFileType = sourcecode.c.objc; path = AddURLViewController.m; sourceTree = "<group>"; };
		740F3B871774B17B0048A83C /* music0.mp3 */ = {isa = PBXFileReference; lastKnownFileType = audio.mp3; path = music0.mp3; sourceTree = "<group>"; };
		747EC08E1778348D00E10214 /* CoreMedia.framework */ = {isa = PBXFileReference; lastKnownFileType = wrapper.framework; name = CoreMedia.framework; path = System/Library/Frameworks/CoreMedia.framework; sourceTree = SDKROOT; };
/* End PBXFileReference section */

/* Begin PBXFrameworksBuildPhase section */
		1855A2DB17401ECE002EB2C7 /* Frameworks */ = {
			isa = PBXFrameworksBuildPhase;
			buildActionMask = 2147483647;
			files = (
				71C2A9EC17DB1B1600D59B86 /* CoreData.framework in Frameworks */,
				747EC08F1778348D00E10214 /* CoreMedia.framework in Frameworks */,
				186A8E8F1742366B00DFAB74 /* AVFoundation.framework in Frameworks */,
				1855A2E217401ECE002EB2C7 /* UIKit.framework in Frameworks */,
				1855A2E417401ECE002EB2C7 /* Foundation.framework in Frameworks */,
				1855A2E617401ECE002EB2C7 /* CoreGraphics.framework in Frameworks */,
			);
			runOnlyForDeploymentPostprocessing = 0;
		};
/* End PBXFrameworksBuildPhase section */

/* Begin PBXGroup section */
		1855A2D517401ECE002EB2C7 = {
			isa = PBXGroup;
			children = (
				747EC08E1778348D00E10214 /* CoreMedia.framework */,
				186A8E8E1742366B00DFAB74 /* AVFoundation.framework */,
				1855A2E717401ECE002EB2C7 /* MusicPlayer */,
				1855A2E017401ECE002EB2C7 /* Frameworks */,
				1855A2DF17401ECE002EB2C7 /* Products */,
			);
			sourceTree = "<group>";
		};
		1855A2DF17401ECE002EB2C7 /* Products */ = {
			isa = PBXGroup;
			children = (
				1855A2DE17401ECE002EB2C7 /* MusicPlayer.app */,
			);
			name = Products;
			sourceTree = "<group>";
		};
		1855A2E017401ECE002EB2C7 /* Frameworks */ = {
			isa = PBXGroup;
			children = (
				71C2A9EB17DB1B1600D59B86 /* CoreData.framework */,
				1855A2E117401ECE002EB2C7 /* UIKit.framework */,
				1855A2E317401ECE002EB2C7 /* Foundation.framework */,
				1855A2E517401ECE002EB2C7 /* CoreGraphics.framework */,
			);
			name = Frameworks;
			sourceTree = "<group>";
		};
		1855A2E717401ECE002EB2C7 /* MusicPlayer */ = {
			isa = PBXGroup;
			children = (
				71C2A9F017DB1E1000D59B86 /* AddURLViewController.h */,
				71C2A9F117DB1E1000D59B86 /* AddURLViewController.m */,
				71C2A9E417DB189000D59B86 /* Resources */,
				1855A2F017401ECE002EB2C7 /* MPAppDelegate.h */,
				1855A2F117401ECE002EB2C7 /* MPAppDelegate.m */,
				1855A2F917401ECE002EB2C7 /* MainStoryboard.storyboard */,
				186A8E8B17422FD300DFAB74 /* MVViewController.h */,
				186A8E8C17422FD300DFAB74 /* MVViewController.m */,
				71C2A9E117DB0FDD00D59B86 /* RemoteViewController.h */,
				71C2A9E217DB0FDD00D59B86 /* RemoteViewController.m */,
				1855A2E817401ECE002EB2C7 /* Supporting Files */,
				71C2A9ED17DB1BB800D59B86 /* Model.xcdatamodeld */,
			);
			path = MusicPlayer;
			sourceTree = "<group>";
		};
		1855A2E817401ECE002EB2C7 /* Supporting Files */ = {
			isa = PBXGroup;
			children = (
				1855A30617403381002EB2C7 /* pause_button.png */,
				1855A30717403381002EB2C7 /* pause_button@2x.png */,
				1855A30817403381002EB2C7 /* play_button.png */,
				1855A30917403381002EB2C7 /* play_button@2x.png */,
				1855A2E917401ECE002EB2C7 /* MusicPlayer-Info.plist */,
				1855A2EA17401ECE002EB2C7 /* InfoPlist.strings */,
				1855A2ED17401ECE002EB2C7 /* main.m */,
				1855A2EF17401ECE002EB2C7 /* MusicPlayer-Prefix.pch */,
				1855A2F317401ECE002EB2C7 /* Default.png */,
				1855A2F517401ECE002EB2C7 /* Default@2x.png */,
				1855A2F717401ECE002EB2C7 /* Default-568h@2x.png */,
			);
			name = "Supporting Files";
			sourceTree = "<group>";
		};
		71C2A9E417DB189000D59B86 /* Resources */ = {
			isa = PBXGroup;
			children = (
				740F3B871774B17B0048A83C /* music0.mp3 */,
				71C2A9E517DB18EA00D59B86 /* music1.mp3 */,
				71C2A9E617DB18EA00D59B86 /* music2.mp3 */,
				71C2A9E717DB18EA00D59B86 /* music3.mp3 */,
			);
			name = Resources;
			sourceTree = "<group>";
		};
/* End PBXGroup section */

/* Begin PBXNativeTarget section */
		1855A2DD17401ECE002EB2C7 /* MusicPlayer */ = {
			isa = PBXNativeTarget;
			buildConfigurationList = 1855A30117401ECE002EB2C7 /* Build configuration list for PBXNativeTarget "MusicPlayer" */;
			buildPhases = (
				1855A2DA17401ECE002EB2C7 /* Sources */,
				1855A2DB17401ECE002EB2C7 /* Frameworks */,
				1855A2DC17401ECE002EB2C7 /* Resources */,
			);
			buildRules = (
			);
			dependencies = (
			);
			name = MusicPlayer;
			productName = MusicPlayer;
			productReference = 1855A2DE17401ECE002EB2C7 /* MusicPlayer.app */;
			productType = "com.apple.product-type.application";
		};
/* End PBXNativeTarget section */

/* Begin PBXProject section */
		1855A2D617401ECE002EB2C7 /* Project object */ = {
			isa = PBXProject;
			attributes = {
				CLASSPREFIX = MP;
				LastUpgradeCheck = 0460;
				ORGANIZATIONNAME = Codigator;
			};
			buildConfigurationList = 1855A2D917401ECE002EB2C7 /* Build configuration list for PBXProject "MusicPlayer" */;
			compatibilityVersion = "Xcode 3.2";
			developmentRegion = English;
			hasScannedForEncodings = 0;
			knownRegions = (
				en,
			);
			mainGroup = 1855A2D517401ECE002EB2C7;
			productRefGroup = 1855A2DF17401ECE002EB2C7 /* Products */;
			projectDirPath = "";
			projectRoot = "";
			targets = (
				1855A2DD17401ECE002EB2C7 /* MusicPlayer */,
			);
		};
/* End PBXProject section */

/* Begin PBXResourcesBuildPhase section */
		1855A2DC17401ECE002EB2C7 /* Resources */ = {
			isa = PBXResourcesBuildPhase;
			buildActionMask = 2147483647;
			files = (
				71C2A9E817DB18EA00D59B86 /* music1.mp3 in Resources */,
				1855A2EC17401ECE002EB2C7 /* InfoPlist.strings in Resources */,
				1855A2F417401ECE002EB2C7 /* Default.png in Resources */,
				1855A2F617401ECE002EB2C7 /* Default@2x.png in Resources */,
				1855A2F817401ECE002EB2C7 /* Default-568h@2x.png in Resources */,
				1855A2FB17401ECE002EB2C7 /* MainStoryboard.storyboard in Resources */,
				71C2A9E917DB18EA00D59B86 /* music2.mp3 in Resources */,
				71C2A9EA17DB18EA00D59B86 /* music3.mp3 in Resources */,
				1855A30E17403381002EB2C7 /* pause_button.png in Resources */,
				1855A30F17403381002EB2C7 /* pause_button@2x.png in Resources */,
				1855A31017403381002EB2C7 /* play_button.png in Resources */,
				1855A31117403381002EB2C7 /* play_button@2x.png in Resources */,
				740F3B881774B17B0048A83C /* music0.mp3 in Resources */,
			);
			runOnlyForDeploymentPostprocessing = 0;
		};
/* End PBXResourcesBuildPhase section */

/* Begin PBXSourcesBuildPhase section */
		1855A2DA17401ECE002EB2C7 /* Sources */ = {
			isa = PBXSourcesBuildPhase;
			buildActionMask = 2147483647;
			files = (
				71C2A9E317DB0FDD00D59B86 /* RemoteViewController.m in Sources */,
				1855A2EE17401ECE002EB2C7 /* main.m in Sources */,
				71C2A9EF17DB1BB800D59B86 /* Model.xcdatamodeld in Sources */,
				1855A2F217401ECE002EB2C7 /* MPAppDelegate.m in Sources */,
				71C2A9F217DB1E1000D59B86 /* AddURLViewController.m in Sources */,
				186A8E8D17422FD300DFAB74 /* MVViewController.m in Sources */,
			);
			runOnlyForDeploymentPostprocessing = 0;
		};
/* End PBXSourcesBuildPhase section */

/* Begin PBXVariantGroup section */
		1855A2EA17401ECE002EB2C7 /* InfoPlist.strings */ = {
			isa = PBXVariantGroup;
			children = (
				1855A2EB17401ECE002EB2C7 /* en */,
			);
			name = InfoPlist.strings;
			sourceTree = "<group>";
		};
		1855A2F917401ECE002EB2C7 /* MainStoryboard.storyboard */ = {
			isa = PBXVariantGroup;
			children = (
				1855A2FA17401ECE002EB2C7 /* en */,
			);
			name = MainStoryboard.storyboard;
			sourceTree = "<group>";
		};
/* End PBXVariantGroup section */

/* Begin XCBuildConfiguration section */
		1855A2FF17401ECE002EB2C7 /* Debug */ = {
			isa = XCBuildConfiguration;
			buildSettings = {
				ALWAYS_SEARCH_USER_PATHS = NO;
				CLANG_CXX_LANGUAGE_STANDARD = "gnu++0x";
				CLANG_CXX_LIBRARY = "libc++";
				CLANG_ENABLE_OBJC_ARC = YES;
				CLANG_WARN_CONSTANT_CONVERSION = YES;
				CLANG_WARN_EMPTY_BODY = YES;
				CLANG_WARN_ENUM_CONVERSION = YES;
				CLANG_WARN_INT_CONVERSION = YES;
				CLANG_WARN__DUPLICATE_METHOD_MATCH = YES;
				"CODE_SIGN_IDENTITY[sdk=iphoneos*]" = "iPhone Developer";
				COPY_PHASE_STRIP = NO;
				GCC_C_LANGUAGE_STANDARD = gnu99;
				GCC_DYNAMIC_NO_PIC = NO;
				GCC_OPTIMIZATION_LEVEL = 0;
				GCC_PREPROCESSOR_DEFINITIONS = (
					"DEBUG=1",
					"$(inherited)",
				);
				GCC_SYMBOLS_PRIVATE_EXTERN = NO;
				GCC_WARN_ABOUT_RETURN_TYPE = YES;
				GCC_WARN_UNINITIALIZED_AUTOS = YES;
				GCC_WARN_UNUSED_VARIABLE = YES;
				IPHONEOS_DEPLOYMENT_TARGET = 6.1;
				ONLY_ACTIVE_ARCH = YES;
				SDKROOT = iphoneos;
			};
			name = Debug;
		};
		1855A30017401ECE002EB2C7 /* Release */ = {
			isa = XCBuildConfiguration;
			buildSettings = {
				ALWAYS_SEARCH_USER_PATHS = NO;
				CLANG_CXX_LANGUAGE_STANDARD = "gnu++0x";
				CLANG_CXX_LIBRARY = "libc++";
				CLANG_ENABLE_OBJC_ARC = YES;
				CLANG_WARN_CONSTANT_CONVERSION = YES;
				CLANG_WARN_EMPTY_BODY = YES;
				CLANG_WARN_ENUM_CONVERSION = YES;
				CLANG_WARN_INT_CONVERSION = YES;
				CLANG_WARN__DUPLICATE_METHOD_MATCH = YES;
				"CODE_SIGN_IDENTITY[sdk=iphoneos*]" = "iPhone Developer";
				COPY_PHASE_STRIP = YES;
				GCC_C_LANGUAGE_STANDARD = gnu99;
				GCC_WARN_ABOUT_RETURN_TYPE = YES;
				GCC_WARN_UNINITIALIZED_AUTOS = YES;
				GCC_WARN_UNUSED_VARIABLE = YES;
				IPHONEOS_DEPLOYMENT_TARGET = 6.1;
				OTHER_CFLAGS = "-DNS_BLOCK_ASSERTIONS=1";
				SDKROOT = iphoneos;
				VALIDATE_PRODUCT = YES;
			};
			name = Release;
		};
		1855A30217401ECE002EB2C7 /* Debug */ = {
			isa = XCBuildConfiguration;
			buildSettings = {
				GCC_PRECOMPILE_PREFIX_HEADER = YES;
				GCC_PREFIX_HEADER = "MusicPlayer/MusicPlayer-Prefix.pch";
				INFOPLIST_FILE = "MusicPlayer/MusicPlayer-Info.plist";
				PRODUCT_NAME = "$(TARGET_NAME)";
				WRAPPER_EXTENSION = app;
			};
			name = Debug;
		};
		1855A30317401ECE002EB2C7 /* Release */ = {
			isa = XCBuildConfiguration;
			buildSettings = {
				GCC_PRECOMPILE_PREFIX_HEADER = YES;
				GCC_PREFIX_HEADER = "MusicPlayer/MusicPlayer-Prefix.pch";
				INFOPLIST_FILE = "MusicPlayer/MusicPlayer-Info.plist";
				PRODUCT_NAME = "$(TARGET_NAME)";
				WRAPPER_EXTENSION = app;
			};
			name = Release;
		};
/* End XCBuildConfiguration section */

/* Begin XCConfigurationList section */
		1855A2D917401ECE002EB2C7 /* Build configuration list for PBXProject "MusicPlayer" */ = {
			isa = XCConfigurationList;
			buildConfigurations = (
				1855A2FF17401ECE002EB2C7 /* Debug */,
				1855A30017401ECE002EB2C7 /* Release */,
			);
			defaultConfigurationIsVisible = 0;
			defaultConfigurationName = Release;
		};
		1855A30117401ECE002EB2C7 /* Build configuration list for PBXNativeTarget "MusicPlayer" */ = {
			isa = XCConfigurationList;
			buildConfigurations = (
				1855A30217401ECE002EB2C7 /* Debug */,
				1855A30317401ECE002EB2C7 /* Release */,
			);
			defaultConfigurationIsVisible = 0;
			defaultConfigurationName = Release;
		};
/* End XCConfigurationList section */

/* Begin XCVersionGroup section */
		71C2A9ED17DB1BB800D59B86 /* Model.xcdatamodeld */ = {
			isa = XCVersionGroup;
			children = (
				71C2A9EE17DB1BB800D59B86 /* Model.xcdatamodel */,
			);
			currentVersion = 71C2A9EE17DB1BB800D59B86 /* Model.xcdatamodel */;
			path = Model.xcdatamodeld;
			sourceTree = "<group>";
			versionGroupType = wrapper.xcdatamodel;
		};
/* End XCVersionGroup section */
	};
	rootObject = 1855A2D617401ECE002EB2C7 /* Project object */;
}
